
Microsoft Visual Studio Solution File, Format Version 12.00
# Visual Studio 2013
VisualStudioVersion = 12.0.21005.1
MinimumVisualStudioVersion = 10.0.40219.1
Project("{FAE04EC0-301F-11D3-BF4B-00C04F79EFBC}") = "bibliothiki", "bibliothiki\bibliothiki.csproj", "{FB078B81-4E79-4A43-800C-3C6DFBB77E58}"
	ProjectSection(ProjectDependencies) = postProject
		{41C7C401-D310-4AC1-9D99-D7D95BFE0B9C} = {41C7C401-D310-4AC1-9D99-D7D95BFE0B9C}
		{D1394D25-5171-4AD4-960D-59F4864A9590} = {D1394D25-5171-4AD4-960D-59F4864A9590}
		{E917062C-C137-46BF-B13E-DF5DE85C3CD7} = {E917062C-C137-46BF-B13E-DF5DE85C3CD7}
		{41DF2C46-65D7-4338-9D57-A535F65F574B} = {41DF2C46-65D7-4338-9D57-A535F65F574B}
		{D3A22047-6D47-4B39-9AC1-C2C30E009A20} = {D3A22047-6D47-4B39-9AC1-C2C30E009A20}
		{C78ACC52-0E00-4368-9A21-0DCB04493A53} = {C78ACC52-0E00-4368-9A21-0DCB04493A53}
		{98EC7A7B-CE0D-4746-91D3-928B07C8998F} = {98EC7A7B-CE0D-4746-91D3-928B07C8998F}
		{005BB081-9903-495B-9B8D-1158161D43FB} = {005BB081-9903-495B-9B8D-1158161D43FB}
		{F60BBF9C-843C-43B4-B5A9-399646D0EC55} = {F60BBF9C-843C-43B4-B5A9-399646D0EC55}
		{75AC0DA2-4092-45D9-80A2-A8252B3B97BD} = {75AC0DA2-4092-45D9-80A2-A8252B3B97BD}
		{14765EBC-5EBD-4968-AC5D-BE35217624E8} = {14765EBC-5EBD-4968-AC5D-BE35217624E8}
		{DCA63FCC-73E7-43D2-B191-94A126F20C14} = {DCA63FCC-73E7-43D2-B191-94A126F20C14}
		{475238CE-E977-4E8D-BFD0-76462CFA12FF} = {475238CE-E977-4E8D-BFD0-76462CFA12FF}
	EndProjectSection
EndProject
Project("{FAE04EC0-301F-11D3-BF4B-00C04F79EFBC}") = "WcfService1", "WcfService1\WcfService1.csproj", "{C78ACC52-0E00-4368-9A21-0DCB04493A53}"
EndProject
Project("{FAE04EC0-301F-11D3-BF4B-00C04F79EFBC}") = "Validation", "Validation\Validation.csproj", "{E917062C-C137-46BF-B13E-DF5DE85C3CD7}"
EndProject
Project("{FAE04EC0-301F-11D3-BF4B-00C04F79EFBC}") = "WcfService2", "WcfService2\WcfService2.csproj", "{DCA63FCC-73E7-43D2-B191-94A126F20C14}"
EndProject
Project("{FAE04EC0-301F-11D3-BF4B-00C04F79EFBC}") = "Booksloading", "Booksloading\Booksloading.csproj", "{98EC7A7B-CE0D-4746-91D3-928B07C8998F}"
EndProject
Project("{FAE04EC0-301F-11D3-BF4B-00C04F79EFBC}") = "WcfService3", "WcfService3\WcfService3.csproj", "{75AC0DA2-4092-45D9-80A2-A8252B3B97BD}"
EndProject
Project("{FAE04EC0-301F-11D3-BF4B-00C04F79EFBC}") = "NamesforReservation", "NamesforReservation\NamesforReservation.csproj", "{005BB081-9903-495B-9B8D-1158161D43FB}"
EndProject
Project("{FAE04EC0-301F-11D3-BF4B-00C04F79EFBC}") = "UserReservations", "UserReservations\UserReservations.csproj", "{D1394D25-5171-4AD4-960D-59F4864A9590}"
EndProject
Project("{FAE04EC0-301F-11D3-BF4B-00C04F79EFBC}") = "DeleteReservation", "DeleteReservation\DeleteReservation.csproj", "{41C7C401-D310-4AC1-9D99-D7D95BFE0B9C}"
EndProject
Project("{FAE04EC0-301F-11D3-BF4B-00C04F79EFBC}") = "ModifyandCheck", "ModifyandCheck\ModifyandCheck.csproj", "{F60BBF9C-843C-43B4-B5A9-399646D0EC55}"
EndProject
Project("{FAE04EC0-301F-11D3-BF4B-00C04F79EFBC}") = "AllReservationsManage", "AllReservationsManage\AllReservationsManage.csproj", "{700C68CA-B229-4FB0-B59F-C10296E45AEA}"
EndProject
Project("{FAE04EC0-301F-11D3-BF4B-00C04F79EFBC}") = "ReadUsers", "ReadUsers\ReadUsers.csproj", "{41DF2C46-65D7-4338-9D57-A535F65F574B}"
EndProject
Project("{FAE04EC0-301F-11D3-BF4B-00C04F79EFBC}") = "BookAvailability", "BookAvailability\BookAvailability.csproj", "{14765EBC-5EBD-4968-AC5D-BE35217624E8}"
EndProject
Project("{FAE04EC0-301F-11D3-BF4B-00C04F79EFBC}") = "Copies", "Copies\Copies.csproj", "{D3A22047-6D47-4B39-9AC1-C2C30E009A20}"
EndProject
Project("{FAE04EC0-301F-11D3-BF4B-00C04F79EFBC}") = "Email", "Email\Email.csproj", "{475238CE-E977-4E8D-BFD0-76462CFA12FF}"
EndProject
Global
	GlobalSection(SolutionConfigurationPlatforms) = preSolution
		Debug|Any CPU = Debug|Any CPU
		Release|Any CPU = Release|Any CPU
	EndGlobalSection
	GlobalSection(ProjectConfigurationPlatforms) = postSolution
		{FB078B81-4E79-4A43-800C-3C6DFBB77E58}.Debug|Any CPU.ActiveCfg = Debug|Any CPU
		{FB078B81-4E79-4A43-800C-3C6DFBB77E58}.Debug|Any CPU.Build.0 = Debug|Any CPU
		{FB078B81-4E79-4A43-800C-3C6DFBB77E58}.Release|Any CPU.ActiveCfg = Release|Any CPU
		{FB078B81-4E79-4A43-800C-3C6DFBB77E58}.Release|Any CPU.Build.0 = Release|Any CPU
		{C78ACC52-0E00-4368-9A21-0DCB04493A53}.Debug|Any CPU.ActiveCfg = Debug|Any CPU
		{C78ACC52-0E00-4368-9A21-0DCB04493A53}.Debug|Any CPU.Build.0 = Debug|Any CPU
		{C78ACC52-0E00-4368-9A21-0DCB04493A53}.Release|Any CPU.ActiveCfg = Release|Any CPU
		{C78ACC52-0E00-4368-9A21-0DCB04493A53}.Release|Any CPU.Build.0 = Release|Any CPU
		{E917062C-C137-46BF-B13E-DF5DE85C3CD7}.Debug|Any CPU.ActiveCfg = Debug|Any CPU
		{E917062C-C137-46BF-B13E-DF5DE85C3CD7}.Debug|Any CPU.Build.0 = Debug|Any CPU
		{E917062C-C137-46BF-B13E-DF5DE85C3CD7}.Release|Any CPU.ActiveCfg = Release|Any CPU
		{E917062C-C137-46BF-B13E-DF5DE85C3CD7}.Release|Any CPU.Build.0 = Release|Any CPU
		{DCA63FCC-73E7-43D2-B191-94A126F20C14}.Debug|Any CPU.ActiveCfg = Debug|Any CPU
		{DCA63FCC-73E7-43D2-B191-94A126F20C14}.Debug|Any CPU.Build.0 = Debug|Any CPU
		{DCA63FCC-73E7-43D2-B191-94A126F20C14}.Release|Any CPU.ActiveCfg = Release|Any CPU
		{DCA63FCC-73E7-43D2-B191-94A126F20C14}.Release|Any CPU.Build.0 = Release|Any CPU
		{98EC7A7B-CE0D-4746-91D3-928B07C8998F}.Debug|Any CPU.ActiveCfg = Debug|Any CPU
		{98EC7A7B-CE0D-4746-91D3-928B07C8998F}.Debug|Any CPU.Build.0 = Debug|Any CPU
		{98EC7A7B-CE0D-4746-91D3-928B07C8998F}.Release|Any CPU.ActiveCfg = Release|Any CPU
		{98EC7A7B-CE0D-4746-91D3-928B07C8998F}.Release|Any CPU.Build.0 = Release|Any CPU
		{75AC0DA2-4092-45D9-80A2-A8252B3B97BD}.Debug|Any CPU.ActiveCfg = Debug|Any CPU
		{75AC0DA2-4092-45D9-80A2-A8252B3B97BD}.Debug|Any CPU.Build.0 = Debug|Any CPU
		{75AC0DA2-4092-45D9-80A2-A8252B3B97BD}.Release|Any CPU.ActiveCfg = Release|Any CPU
		{75AC0DA2-4092-45D9-80A2-A8252B3B97BD}.Release|Any CPU.Build.0 = Release|Any CPU
		{005BB081-9903-495B-9B8D-1158161D43FB}.Debug|Any CPU.ActiveCfg = Debug|Any CPU
		{005BB081-9903-495B-9B8D-1158161D43FB}.Debug|Any CPU.Build.0 = Debug|Any CPU
		{005BB081-9903-495B-9B8D-1158161D43FB}.Release|Any CPU.ActiveCfg = Release|Any CPU
		{005BB081-9903-495B-9B8D-1158161D43FB}.Release|Any CPU.Build.0 = Release|Any CPU
		{D1394D25-5171-4AD4-960D-59F4864A9590}.Debug|Any CPU.ActiveCfg = Debug|Any CPU
		{D1394D25-5171-4AD4-960D-59F4864A9590}.Debug|Any CPU.Build.0 = Debug|Any CPU
		{D1394D25-5171-4AD4-960D-59F4864A9590}.Release|Any CPU.ActiveCfg = Release|Any CPU
		{D1394D25-5171-4AD4-960D-59F4864A9590}.Release|Any CPU.Build.0 = Release|Any CPU
		{41C7C401-D310-4AC1-9D99-D7D95BFE0B9C}.Debug|Any CPU.ActiveCfg = Debug|Any CPU
		{41C7C401-D310-4AC1-9D99-D7D95BFE0B9C}.Debug|Any CPU.Build.0 = Debug|Any CPU
		{41C7C401-D310-4AC1-9D99-D7D95BFE0B9C}.Release|Any CPU.ActiveCfg = Release|Any CPU
		{41C7C401-D310-4AC1-9D99-D7D95BFE0B9C}.Release|Any CPU.Build.0 = Release|Any CPU
		{F60BBF9C-843C-43B4-B5A9-399646D0EC55}.Debug|Any CPU.ActiveCfg = Debug|Any CPU
		{F60BBF9C-843C-43B4-B5A9-399646D0EC55}.Debug|Any CPU.Build.0 = Debug|Any CPU
		{F60BBF9C-843C-43B4-B5A9-399646D0EC55}.Release|Any CPU.ActiveCfg = Release|Any CPU
		{F60BBF9C-843C-43B4-B5A9-399646D0EC55}.Release|Any CPU.Build.0 = Release|Any CPU
		{700C68CA-B229-4FB0-B59F-C10296E45AEA}.Debug|Any CPU.ActiveCfg = Debug|Any CPU
		{700C68CA-B229-4FB0-B59F-C10296E45AEA}.Debug|Any CPU.Build.0 = Debug|Any CPU
		{700C68CA-B229-4FB0-B59F-C10296E45AEA}.Release|Any CPU.ActiveCfg = Release|Any CPU
		{700C68CA-B229-4FB0-B59F-C10296E45AEA}.Release|Any CPU.Build.0 = Release|Any CPU
		{41DF2C46-65D7-4338-9D57-A535F65F574B}.Debug|Any CPU.ActiveCfg = Debug|Any CPU
		{41DF2C46-65D7-4338-9D57-A535F65F574B}.Debug|Any CPU.Build.0 = Debug|Any CPU
		{41DF2C46-65D7-4338-9D57-A535F65F574B}.Release|Any CPU.ActiveCfg = Release|Any CPU
		{41DF2C46-65D7-4338-9D57-A535F65F574B}.Release|Any CPU.Build.0 = Release|Any CPU
		{14765EBC-5EBD-4968-AC5D-BE35217624E8}.Debug|Any CPU.ActiveCfg = Debug|Any CPU
		{14765EBC-5EBD-4968-AC5D-BE35217624E8}.Debug|Any CPU.Build.0 = Debug|Any CPU
		{14765EBC-5EBD-4968-AC5D-BE35217624E8}.Release|Any CPU.ActiveCfg = Release|Any CPU
		{14765EBC-5EBD-4968-AC5D-BE35217624E8}.Release|Any CPU.Build.0 = Release|Any CPU
		{D3A22047-6D47-4B39-9AC1-C2C30E009A20}.Debug|Any CPU.ActiveCfg = Debug|Any CPU
		{D3A22047-6D47-4B39-9AC1-C2C30E009A20}.Debug|Any CPU.Build.0 = Debug|Any CPU
		{D3A22047-6D47-4B39-9AC1-C2C30E009A20}.Release|Any CPU.ActiveCfg = Release|Any CPU
		{D3A22047-6D47-4B39-9AC1-C2C30E009A20}.Release|Any CPU.Build.0 = Release|Any CPU
		{475238CE-E977-4E8D-BFD0-76462CFA12FF}.Debug|Any CPU.ActiveCfg = Debug|Any CPU
		{475238CE-E977-4E8D-BFD0-76462CFA12FF}.Debug|Any CPU.Build.0 = Debug|Any CPU
		{475238CE-E977-4E8D-BFD0-76462CFA12FF}.Release|Any CPU.ActiveCfg = Release|Any CPU
		{475238CE-E977-4E8D-BFD0-76462CFA12FF}.Release|Any CPU.Build.0 = Release|Any CPU
	EndGlobalSection
	GlobalSection(SolutionProperties) = preSolution
		HideSolutionNode = FALSE
	EndGlobalSection
EndGlobal
