
Microsoft Visual Studio Solution File, Format Version 12.00
# Visual Studio 2013
VisualStudioVersion = 12.0.30723.0
MinimumVisualStudioVersion = 10.0.40219.1
Project("{FAE04EC0-301F-11D3-BF4B-00C04F79EFBC}") = "AllReservationsManage", "AllReservationsManage.csproj", "{700C68CA-B229-4FB0-B59F-C10296E45AEA}"
EndProject
Project("{FAE04EC0-301F-11D3-BF4B-00C04F79EFBC}") = "ReadUsers", "..\ReadUsers\ReadUsers.csproj", "{41DF2C46-65D7-4338-9D57-A535F65F574B}"
EndProject
Project("{FAE04EC0-301F-11D3-BF4B-00C04F79EFBC}") = "ModifyandCheck", "..\ModifyandCheck\ModifyandCheck.csproj", "{F60BBF9C-843C-43B4-B5A9-399646D0EC55}"
EndProject
Project("{FAE04EC0-301F-11D3-BF4B-00C04F79EFBC}") = "DeleteReservation", "..\DeleteReservation\DeleteReservation.csproj", "{41C7C401-D310-4AC1-9D99-D7D95BFE0B9C}"
EndProject
Project("{FAE04EC0-301F-11D3-BF4B-00C04F79EFBC}") = "BookAvailability", "..\BookAvailability\BookAvailability.csproj", "{14765EBC-5EBD-4968-AC5D-BE35217624E8}"
EndProject
Global
	GlobalSection(SolutionConfigurationPlatforms) = preSolution
		Debug|Any CPU = Debug|Any CPU
		Release|Any CPU = Release|Any CPU
	EndGlobalSection
	GlobalSection(ProjectConfigurationPlatforms) = postSolution
		{700C68CA-B229-4FB0-B59F-C10296E45AEA}.Debug|Any CPU.ActiveCfg = Debug|Any CPU
		{700C68CA-B229-4FB0-B59F-C10296E45AEA}.Debug|Any CPU.Build.0 = Debug|Any CPU
		{700C68CA-B229-4FB0-B59F-C10296E45AEA}.Release|Any CPU.ActiveCfg = Release|Any CPU
		{700C68CA-B229-4FB0-B59F-C10296E45AEA}.Release|Any CPU.Build.0 = Release|Any CPU
		{41DF2C46-65D7-4338-9D57-A535F65F574B}.Debug|Any CPU.ActiveCfg = Debug|Any CPU
		{41DF2C46-65D7-4338-9D57-A535F65F574B}.Debug|Any CPU.Build.0 = Debug|Any CPU
		{41DF2C46-65D7-4338-9D57-A535F65F574B}.Release|Any CPU.ActiveCfg = Release|Any CPU
		{41DF2C46-65D7-4338-9D57-A535F65F574B}.Release|Any CPU.Build.0 = Release|Any CPU
		{F60BBF9C-843C-43B4-B5A9-399646D0EC55}.Debug|Any CPU.ActiveCfg = Debug|Any CPU
		{F60BBF9C-843C-43B4-B5A9-399646D0EC55}.Debug|Any CPU.Build.0 = Debug|Any CPU
		{F60BBF9C-843C-43B4-B5A9-399646D0EC55}.Release|Any CPU.ActiveCfg = Release|Any CPU
		{F60BBF9C-843C-43B4-B5A9-399646D0EC55}.Release|Any CPU.Build.0 = Release|Any CPU
		{41C7C401-D310-4AC1-9D99-D7D95BFE0B9C}.Debug|Any CPU.ActiveCfg = Debug|Any CPU
		{41C7C401-D310-4AC1-9D99-D7D95BFE0B9C}.Debug|Any CPU.Build.0 = Debug|Any CPU
		{41C7C401-D310-4AC1-9D99-D7D95BFE0B9C}.Release|Any CPU.ActiveCfg = Release|Any CPU
		{41C7C401-D310-4AC1-9D99-D7D95BFE0B9C}.Release|Any CPU.Build.0 = Release|Any CPU
		{14765EBC-5EBD-4968-AC5D-BE35217624E8}.Debug|Any CPU.ActiveCfg = Debug|Any CPU
		{14765EBC-5EBD-4968-AC5D-BE35217624E8}.Debug|Any CPU.Build.0 = Debug|Any CPU
		{14765EBC-5EBD-4968-AC5D-BE35217624E8}.Release|Any CPU.ActiveCfg = Release|Any CPU
		{14765EBC-5EBD-4968-AC5D-BE35217624E8}.Release|Any CPU.Build.0 = Release|Any CPU
	EndGlobalSection
	GlobalSection(SolutionProperties) = preSolution
		HideSolutionNode = FALSE
	EndGlobalSection
EndGlobal
